
Microsoft Visual Studio Solution File, Format Version 12.00
# Visual Studio Version 17
VisualStudioVersion = 17.8.34309.116
MinimumVisualStudioVersion = 10.0.40219.1
Project("{FAE04EC0-301F-11D3-BF4B-00C04F79EFBC}") = "UnitTestProject4", "UnitTestProject4\UnitTestProject4.csproj", "{F91C8FAD-994E-402F-8BDA-9D9F7DA37435}"
EndProject
Global
	GlobalSection(SolutionConfigurationPlatforms) = preSolution
		Debug|Any CPU = Debug|Any CPU
		Release|Any CPU = Release|Any CPU
	EndGlobalSection
	GlobalSection(ProjectConfigurationPlatforms) = postSolution
		{F91C8FAD-994E-402F-8BDA-9D9F7DA37435}.Debug|Any CPU.ActiveCfg = Debug|Any CPU
		{F91C8FAD-994E-402F-8BDA-9D9F7DA37435}.Debug|Any CPU.Build.0 = Debug|Any CPU
		{F91C8FAD-994E-402F-8BDA-9D9F7DA37435}.Release|Any CPU.ActiveCfg = Release|Any CPU
		{F91C8FAD-994E-402F-8BDA-9D9F7DA37435}.Release|Any CPU.Build.0 = Release|Any CPU
	EndGlobalSection
	GlobalSection(SolutionProperties) = preSolution
		HideSolutionNode = FALSE
	EndGlobalSection
	GlobalSection(ExtensibilityGlobals) = postSolution
		SolutionGuid = {69424E92-5386-4E47-8163-AD6218964591}
	EndGlobalSection
EndGlobal
